Microsoft Visual Studio Solution File, Format Version 12.00
# Visual Studio Version 17
VisualStudioVersion = 17.5.2.0
MinimumVisualStudioVersion = 10.0.40219.1
Project("{FAE04EC0-301F-11D3-BF4B-00C04F79EFBC}") = "CSCI3110Lab01MK", "CSCI3110Lab01MK.csproj", "{07BD5F92-B62F-189B-5323-661E03FBE0A5}"
EndProject
Global
	GlobalSection(SolutionConfigurationPlatforms) = preSolution
		Debug|Any CPU = Debug|Any CPU
		Release|Any CPU = Release|Any CPU
	EndGlobalSection
	GlobalSection(ProjectConfigurationPlatforms) = postSolution
		{07BD5F92-B62F-189B-5323-661E03FBE0A5}.Debug|Any CPU.ActiveCfg = Debug|Any CPU
		{07BD5F92-B62F-189B-5323-661E03FBE0A5}.Debug|Any CPU.Build.0 = Debug|Any CPU
		{07BD5F92-B62F-189B-5323-661E03FBE0A5}.Release|Any CPU.ActiveCfg = Release|Any CPU
		{07BD5F92-B62F-189B-5323-661E03FBE0A5}.Release|Any CPU.Build.0 = Release|Any CPU
	EndGlobalSection
	GlobalSection(SolutionProperties) = preSolution
		HideSolutionNode = FALSE
	EndGlobalSection
	GlobalSection(ExtensibilityGlobals) = postSolution
		SolutionGuid = {ADA13270-6A29-4574-A09F-9A0CFDE32E7D}
	EndGlobalSection
EndGlobal
