Microsoft Visual Studio Solution File, Format Version 12.00
# Visual Studio Version 17
VisualStudioVersion = 17.5.2.0
MinimumVisualStudioVersion = 10.0.40219.1
Project("{FAE04EC0-301F-11D3-BF4B-00C04F79EFBC}") = "Lab5MKBookAuthorApp", "Lab5MKBookAuthorApp.csproj", "{C3023A96-EE18-6840-FC1F-CD0DFCB893A9}"
EndProject
Global
	GlobalSection(SolutionConfigurationPlatforms) = preSolution
		Debug|Any CPU = Debug|Any CPU
		Release|Any CPU = Release|Any CPU
	EndGlobalSection
	GlobalSection(ProjectConfigurationPlatforms) = postSolution
		{C3023A96-EE18-6840-FC1F-CD0DFCB893A9}.Debug|Any CPU.ActiveCfg = Debug|Any CPU
		{C3023A96-EE18-6840-FC1F-CD0DFCB893A9}.Debug|Any CPU.Build.0 = Debug|Any CPU
		{C3023A96-EE18-6840-FC1F-CD0DFCB893A9}.Release|Any CPU.ActiveCfg = Release|Any CPU
		{C3023A96-EE18-6840-FC1F-CD0DFCB893A9}.Release|Any CPU.Build.0 = Release|Any CPU
	EndGlobalSection
	GlobalSection(SolutionProperties) = preSolution
		HideSolutionNode = FALSE
	EndGlobalSection
	GlobalSection(ExtensibilityGlobals) = postSolution
		SolutionGuid = {4091F2D6-539A-41B3-A144-218F6887E8E8}
	EndGlobalSection
EndGlobal
